// !$*UTF8*$!
{
	archiveVersion = 1;
	classes = {
	};
	objectVersion = 52;
	objects = {

/* Begin PBXBuildFile section */
		30789C08248E1E3F001D0415 /* AppDelegate.swift in Sources */ = {isa = PBXBuildFile; fileRef = 30789C07248E1E3F001D0415 /* AppDelegate.swift */; };
		30789C0A248E1E3F001D0415 /* SceneDelegate.swift in Sources */ = {isa = PBXBuildFile; fileRef = 30789C09248E1E3F001D0415 /* SceneDelegate.swift */; };
		30789C0C248E1E3F001D0415 /* TabBarViewController.swift in Sources */ = {isa = PBXBuildFile; fileRef = 30789C0B248E1E3F001D0415 /* TabBarViewController.swift */; };
		30789C0F248E1E3F001D0415 /* Main.storyboard in Resources */ = {isa = PBXBuildFile; fileRef = 30789C0D248E1E3F001D0415 /* Main.storyboard */; };
		30789C11248E1E46001D0415 /* Assets.xcassets in Resources */ = {isa = PBXBuildFile; fileRef = 30789C10248E1E46001D0415 /* Assets.xcassets */; };
		30789C14248E1E46001D0415 /* LaunchScreen.storyboard in Resources */ = {isa = PBXBuildFile; fileRef = 30789C12248E1E46001D0415 /* LaunchScreen.storyboard */; };
		30789C1D248E3A37001D0415 /* LeadingImageButton.swift in Sources */ = {isa = PBXBuildFile; fileRef = 30789C1C248E3A37001D0415 /* LeadingImageButton.swift */; };
		30789C1F248E3FC1001D0415 /* UIView+Border.swift in Sources */ = {isa = PBXBuildFile; fileRef = 30789C1E248E3FC1001D0415 /* UIView+Border.swift */; };
		30AC784F248F94C4004BA3B6 /* NetworkError.swift in Sources */ = {isa = PBXBuildFile; fileRef = 30AC784E248F94C4004BA3B6 /* NetworkError.swift */; };
		30AC7852248F95B9004BA3B6 /* ErrorAlertController.swift in Sources */ = {isa = PBXBuildFile; fileRef = 30AC7851248F95B9004BA3B6 /* ErrorAlertController.swift */; };
		30E22EDE2490A61200EC0FD8 /* IssueLabelCell.swift in Sources */ = {isa = PBXBuildFile; fileRef = 30E22EDC2490A61200EC0FD8 /* IssueLabelCell.swift */; };
		30E22EDF2490A61200EC0FD8 /* IssueLabelCell.xib in Resources */ = {isa = PBXBuildFile; fileRef = 30E22EDD2490A61200EC0FD8 /* IssueLabelCell.xib */; };
		30E22EE22490B09200EC0FD8 /* IssueLabelsCollectionView.swift in Sources */ = {isa = PBXBuildFile; fileRef = 30E22EE12490B09200EC0FD8 /* IssueLabelsCollectionView.swift */; };
		30E22EE52491064A00EC0FD8 /* Request.swift in Sources */ = {isa = PBXBuildFile; fileRef = 30E22EE42491064A00EC0FD8 /* Request.swift */; };
		30E22EE8249106A300EC0FD8 /* Alamofire in Frameworks */ = {isa = PBXBuildFile; productRef = 30E22EE7249106A300EC0FD8 /* Alamofire */; };
		30E22EEA2491093100EC0FD8 /* NetworkDispatcher.swift in Sources */ = {isa = PBXBuildFile; fileRef = 30E22EE92491093100EC0FD8 /* NetworkDispatcher.swift */; };
		30E22EEC2491098200EC0FD8 /* Session+NetworkDispatcher.swift in Sources */ = {isa = PBXBuildFile; fileRef = 30E22EEB2491098200EC0FD8 /* Session+NetworkDispatcher.swift */; };
		30E22EEE249109EC00EC0FD8 /* FetchIssuesRequest.swift in Sources */ = {isa = PBXBuildFile; fileRef = 30E22EED249109EC00EC0FD8 /* FetchIssuesRequest.swift */; };
		30E22EF024910BDA00EC0FD8 /* AddIssueRequest.swift in Sources */ = {isa = PBXBuildFile; fileRef = 30E22EEF24910BDA00EC0FD8 /* AddIssueRequest.swift */; };
		30E22EF324910D8700EC0FD8 /* FetchIssueRequest.swift in Sources */ = {isa = PBXBuildFile; fileRef = 30E22EF224910D8700EC0FD8 /* FetchIssueRequest.swift */; };
		30E22EF524910E3D00EC0FD8 /* DeleteIssueRequest.swift in Sources */ = {isa = PBXBuildFile; fileRef = 30E22EF424910E3D00EC0FD8 /* DeleteIssueRequest.swift */; };
		30E22EF824910EF800EC0FD8 /* IssueUseCase.swift in Sources */ = {isa = PBXBuildFile; fileRef = 30E22EF724910EF800EC0FD8 /* IssueUseCase.swift */; };
		30E22EFB24910F9F00EC0FD8 /* Issue.swift in Sources */ = {isa = PBXBuildFile; fileRef = 30E22EFA24910F9F00EC0FD8 /* Issue.swift */; };
		30E22EFD2491101A00EC0FD8 /* IssueLabel.swift in Sources */ = {isa = PBXBuildFile; fileRef = 30E22EFC2491101A00EC0FD8 /* IssueLabel.swift */; };
		385A50D124915E66004BE8DB /* UIColor+Hex.swift in Sources */ = {isa = PBXBuildFile; fileRef = 385A50D024915E66004BE8DB /* UIColor+Hex.swift */; };
		3861B006248FC582006FD89E /* IssuesCollectionView.swift in Sources */ = {isa = PBXBuildFile; fileRef = 3861B005248FC582006FD89E /* IssuesCollectionView.swift */; };
		3861B00B248FC654006FD89E /* IssueHorizontalCell.swift in Sources */ = {isa = PBXBuildFile; fileRef = 3861B009248FC654006FD89E /* IssueHorizontalCell.swift */; };
		386B8F99248E291100ED3A5A /* IssuesViewController.swift in Sources */ = {isa = PBXBuildFile; fileRef = 386B8F98248E291100ED3A5A /* IssuesViewController.swift */; };
		386B8F9D248E2B0200ED3A5A /* SignInViewController.swift in Sources */ = {isa = PBXBuildFile; fileRef = 386B8F9C248E2B0200ED3A5A /* SignInViewController.swift */; };
		38879C552490E2AD00EE84D7 /* LeftAlignedCollectionViewFlowLayout.swift in Sources */ = {isa = PBXBuildFile; fileRef = 38879C542490E2AD00EE84D7 /* LeftAlignedCollectionViewFlowLayout.swift */; };
		38879C582490E48600EE84D7 /* UIView+Shadow.swift in Sources */ = {isa = PBXBuildFile; fileRef = 38879C572490E48600EE84D7 /* UIView+Shadow.swift */; };
		38BDFA2A24912E79008E901D /* IssueHorizontalContentsStackView.swift in Sources */ = {isa = PBXBuildFile; fileRef = 38BDFA2924912E79008E901D /* IssueHorizontalContentsStackView.swift */; };
		38BDFA2C24912F21008E901D /* UIView+AutoLayout.swift in Sources */ = {isa = PBXBuildFile; fileRef = 38BDFA2B24912F21008E901D /* UIView+AutoLayout.swift */; };
		38BDFA2E24913128008E901D /* IssueHorizontalTitleLabel.swift in Sources */ = {isa = PBXBuildFile; fileRef = 38BDFA2D24913128008E901D /* IssueHorizontalTitleLabel.swift */; };
		38D3643D248FA96300884972 /* TitleHeaderView.swift in Sources */ = {isa = PBXBuildFile; fileRef = 38D3643C248FA96300884972 /* TitleHeaderView.swift */; };
		38D3643F248FA96E00884972 /* TitleHeaderView.xib in Resources */ = {isa = PBXBuildFile; fileRef = 38D3643E248FA96E00884972 /* TitleHeaderView.xib */; };
		38F0FB49248E2D870080FBBD /* Colors.swift in Sources */ = {isa = PBXBuildFile; fileRef = 38F0FB48248E2D870080FBBD /* Colors.swift */; };
		38F0FB5C248E6E4C0080FBBD /* OAuthURLStub.swift in Sources */ = {isa = PBXBuildFile; fileRef = 38F0FB5B248E6E4C0080FBBD /* OAuthURLStub.swift */; };
		38F0FB5E248E73690080FBBD /* OAuthNetworkManager.swift in Sources */ = {isa = PBXBuildFile; fileRef = 38F0FB5D248E73690080FBBD /* OAuthNetworkManager.swift */; };
		38F0FB62248FA23F0080FBBD /* EndPoint.swift in Sources */ = {isa = PBXBuildFile; fileRef = 38F0FB61248FA23F0080FBBD /* EndPoint.swift */; };
/* End PBXBuildFile section */

/* Begin PBXFileReference section */
		30789C04248E1E3F001D0415 /* DoCollabo.app */ = {isa = PBXFileReference; explicitFileType = wrapper.application; includeInIndex = 0; path = DoCollabo.app; sourceTree = BUILT_PRODUCTS_DIR; };
		30789C07248E1E3F001D0415 /* AppDelegate.swift */ = {isa = PBXFileReference; lastKnownFileType = sourcecode.swift; path = AppDelegate.swift; sourceTree = "<group>"; };
		30789C09248E1E3F001D0415 /* SceneDelegate.swift */ = {isa = PBXFileReference; lastKnownFileType = sourcecode.swift; path = SceneDelegate.swift; sourceTree = "<group>"; };
		30789C0B248E1E3F001D0415 /* TabBarViewController.swift */ = {isa = PBXFileReference; lastKnownFileType = sourcecode.swift; path = TabBarViewController.swift; sourceTree = "<group>"; };
		30789C0E248E1E3F001D0415 /* Base */ = {isa = PBXFileReference; lastKnownFileType = file.storyboard; name = Base; path = Base.lproj/Main.storyboard; sourceTree = "<group>"; };
		30789C10248E1E46001D0415 /* Assets.xcassets */ = {isa = PBXFileReference; lastKnownFileType = folder.assetcatalog; path = Assets.xcassets; sourceTree = "<group>"; };
		30789C13248E1E46001D0415 /* Base */ = {isa = PBXFileReference; lastKnownFileType = file.storyboard; name = Base; path = Base.lproj/LaunchScreen.storyboard; sourceTree = "<group>"; };
		30789C15248E1E46001D0415 /* Info.plist */ = {isa = PBXFileReference; lastKnownFileType = text.plist.xml; path = Info.plist; sourceTree = "<group>"; };
		30789C1C248E3A37001D0415 /* LeadingImageButton.swift */ = {isa = PBXFileReference; lastKnownFileType = sourcecode.swift; path = LeadingImageButton.swift; sourceTree = "<group>"; };
		30789C1E248E3FC1001D0415 /* UIView+Border.swift */ = {isa = PBXFileReference; lastKnownFileType = sourcecode.swift; path = "UIView+Border.swift"; sourceTree = "<group>"; };
		30AC784E248F94C4004BA3B6 /* NetworkError.swift */ = {isa = PBXFileReference; lastKnownFileType = sourcecode.swift; path = NetworkError.swift; sourceTree = "<group>"; };
		30AC7851248F95B9004BA3B6 /* ErrorAlertController.swift */ = {isa = PBXFileReference; lastKnownFileType = sourcecode.swift; path = ErrorAlertController.swift; sourceTree = "<group>"; };
		30E22EDC2490A61200EC0FD8 /* IssueLabelCell.swift */ = {isa = PBXFileReference; lastKnownFileType = sourcecode.swift; path = IssueLabelCell.swift; sourceTree = "<group>"; };
		30E22EDD2490A61200EC0FD8 /* IssueLabelCell.xib */ = {isa = PBXFileReference; lastKnownFileType = file.xib; path = IssueLabelCell.xib; sourceTree = "<group>"; };
		30E22EE12490B09200EC0FD8 /* IssueLabelsCollectionView.swift */ = {isa = PBXFileReference; lastKnownFileType = sourcecode.swift; path = IssueLabelsCollectionView.swift; sourceTree = "<group>"; };
		30E22EE42491064A00EC0FD8 /* Request.swift */ = {isa = PBXFileReference; lastKnownFileType = sourcecode.swift; path = Request.swift; sourceTree = "<group>"; };
		30E22EE92491093100EC0FD8 /* NetworkDispatcher.swift */ = {isa = PBXFileReference; lastKnownFileType = sourcecode.swift; path = NetworkDispatcher.swift; sourceTree = "<group>"; };
		30E22EEB2491098200EC0FD8 /* Session+NetworkDispatcher.swift */ = {isa = PBXFileReference; lastKnownFileType = sourcecode.swift; path = "Session+NetworkDispatcher.swift"; sourceTree = "<group>"; };
		30E22EED249109EC00EC0FD8 /* FetchIssuesRequest.swift */ = {isa = PBXFileReference; lastKnownFileType = sourcecode.swift; path = FetchIssuesRequest.swift; sourceTree = "<group>"; };
		30E22EEF24910BDA00EC0FD8 /* AddIssueRequest.swift */ = {isa = PBXFileReference; lastKnownFileType = sourcecode.swift; path = AddIssueRequest.swift; sourceTree = "<group>"; };
		30E22EF224910D8700EC0FD8 /* FetchIssueRequest.swift */ = {isa = PBXFileReference; lastKnownFileType = sourcecode.swift; path = FetchIssueRequest.swift; sourceTree = "<group>"; };
		30E22EF424910E3D00EC0FD8 /* DeleteIssueRequest.swift */ = {isa = PBXFileReference; lastKnownFileType = sourcecode.swift; path = DeleteIssueRequest.swift; sourceTree = "<group>"; };
		30E22EF724910EF800EC0FD8 /* IssueUseCase.swift */ = {isa = PBXFileReference; lastKnownFileType = sourcecode.swift; path = IssueUseCase.swift; sourceTree = "<group>"; };
		30E22EFA24910F9F00EC0FD8 /* Issue.swift */ = {isa = PBXFileReference; lastKnownFileType = sourcecode.swift; path = Issue.swift; sourceTree = "<group>"; };
		30E22EFC2491101A00EC0FD8 /* IssueLabel.swift */ = {isa = PBXFileReference; lastKnownFileType = sourcecode.swift; path = IssueLabel.swift; sourceTree = "<group>"; };
		385A50D024915E66004BE8DB /* UIColor+Hex.swift */ = {isa = PBXFileReference; lastKnownFileType = sourcecode.swift; path = "UIColor+Hex.swift"; sourceTree = "<group>"; };
		3861B005248FC582006FD89E /* IssuesCollectionView.swift */ = {isa = PBXFileReference; lastKnownFileType = sourcecode.swift; path = IssuesCollectionView.swift; sourceTree = "<group>"; };
		3861B009248FC654006FD89E /* IssueHorizontalCell.swift */ = {isa = PBXFileReference; lastKnownFileType = sourcecode.swift; path = IssueHorizontalCell.swift; sourceTree = "<group>"; };
		386B8F98248E291100ED3A5A /* IssuesViewController.swift */ = {isa = PBXFileReference; lastKnownFileType = sourcecode.swift; path = IssuesViewController.swift; sourceTree = "<group>"; };
		386B8F9C248E2B0200ED3A5A /* SignInViewController.swift */ = {isa = PBXFileReference; lastKnownFileType = sourcecode.swift; path = SignInViewController.swift; sourceTree = "<group>"; };
		38879C542490E2AD00EE84D7 /* LeftAlignedCollectionViewFlowLayout.swift */ = {isa = PBXFileReference; lastKnownFileType = sourcecode.swift; path = LeftAlignedCollectionViewFlowLayout.swift; sourceTree = "<group>"; };
		38879C572490E48600EE84D7 /* UIView+Shadow.swift */ = {isa = PBXFileReference; lastKnownFileType = sourcecode.swift; path = "UIView+Shadow.swift"; sourceTree = "<group>"; };
		38BDFA2924912E79008E901D /* IssueHorizontalContentsStackView.swift */ = {isa = PBXFileReference; lastKnownFileType = sourcecode.swift; path = IssueHorizontalContentsStackView.swift; sourceTree = "<group>"; };
		38BDFA2B24912F21008E901D /* UIView+AutoLayout.swift */ = {isa = PBXFileReference; lastKnownFileType = sourcecode.swift; path = "UIView+AutoLayout.swift"; sourceTree = "<group>"; };
		38BDFA2D24913128008E901D /* IssueHorizontalTitleLabel.swift */ = {isa = PBXFileReference; lastKnownFileType = sourcecode.swift; path = IssueHorizontalTitleLabel.swift; sourceTree = "<group>"; };
		38D3643C248FA96300884972 /* TitleHeaderView.swift */ = {isa = PBXFileReference; lastKnownFileType = sourcecode.swift; path = TitleHeaderView.swift; sourceTree = "<group>"; };
		38D3643E248FA96E00884972 /* TitleHeaderView.xib */ = {isa = PBXFileReference; lastKnownFileType = file.xib; path = TitleHeaderView.xib; sourceTree = "<group>"; };
		38F0FB48248E2D870080FBBD /* Colors.swift */ = {isa = PBXFileReference; lastKnownFileType = sourcecode.swift; path = Colors.swift; sourceTree = "<group>"; };
		38F0FB5B248E6E4C0080FBBD /* OAuthURLStub.swift */ = {isa = PBXFileReference; lastKnownFileType = sourcecode.swift; path = OAuthURLStub.swift; sourceTree = "<group>"; };
		38F0FB5D248E73690080FBBD /* OAuthNetworkManager.swift */ = {isa = PBXFileReference; lastKnownFileType = sourcecode.swift; path = OAuthNetworkManager.swift; sourceTree = "<group>"; };
		38F0FB61248FA23F0080FBBD /* EndPoint.swift */ = {isa = PBXFileReference; lastKnownFileType = sourcecode.swift; path = EndPoint.swift; sourceTree = "<group>"; };
/* End PBXFileReference section */

/* Begin PBXFrameworksBuildPhase section */
		30789C01248E1E3F001D0415 /* Frameworks */ = {
			isa = PBXFrameworksBuildPhase;
			buildActionMask = 2147483647;
			files = (
				30E22EE8249106A300EC0FD8 /* Alamofire in Frameworks */,
			);
			runOnlyForDeploymentPostprocessing = 0;
		};
/* End PBXFrameworksBuildPhase section */

/* Begin PBXGroup section */
		30789BFB248E1E3F001D0415 = {
			isa = PBXGroup;
			children = (
				30789C06248E1E3F001D0415 /* DoCollabo */,
				30789C05248E1E3F001D0415 /* Products */,
			);
			sourceTree = "<group>";
		};
		30789C05248E1E3F001D0415 /* Products */ = {
			isa = PBXGroup;
			children = (
				30789C04248E1E3F001D0415 /* DoCollabo.app */,
			);
			name = Products;
			sourceTree = "<group>";
		};
		30789C06248E1E3F001D0415 /* DoCollabo */ = {
			isa = PBXGroup;
			children = (
				30E22EF924910F8E00EC0FD8 /* Models */,
				30789C20248E430F001D0415 /* Network */,
				386B8F9A248E2AEE00ED3A5A /* SignIn */,
				386B8F96248E28D800ED3A5A /* Issues */,
				38F0FB47248E2D5F0080FBBD /* Extensions */,
				30789C07248E1E3F001D0415 /* AppDelegate.swift */,
				30789C09248E1E3F001D0415 /* SceneDelegate.swift */,
				30789C0B248E1E3F001D0415 /* TabBarViewController.swift */,
				30789C0D248E1E3F001D0415 /* Main.storyboard */,
				30789C10248E1E46001D0415 /* Assets.xcassets */,
				30789C12248E1E46001D0415 /* LaunchScreen.storyboard */,
				30789C15248E1E46001D0415 /* Info.plist */,
			);
			path = DoCollabo;
			sourceTree = "<group>";
		};
		30789C1B248E3A0F001D0415 /* Views */ = {
			isa = PBXGroup;
			children = (
				30789C1C248E3A37001D0415 /* LeadingImageButton.swift */,
			);
			path = Views;
			sourceTree = "<group>";
		};
		30789C20248E430F001D0415 /* Network */ = {
			isa = PBXGroup;
			children = (
				38F0FB5D248E73690080FBBD /* OAuthNetworkManager.swift */,
				38F0FB61248FA23F0080FBBD /* EndPoint.swift */,
				30E22EE92491093100EC0FD8 /* NetworkDispatcher.swift */,
				30E22EEB2491098200EC0FD8 /* Session+NetworkDispatcher.swift */,
				30E22EF624910EE600EC0FD8 /* UseCases */,
				30E22EE32491063E00EC0FD8 /* Request */,
				30AC7850248F9598004BA3B6 /* Views */,
				30AC784D248F94B2004BA3B6 /* Errors */,
				30789C23248E4332001D0415 /* Stubs */,
			);
			path = Network;
			sourceTree = "<group>";
		};
		30789C23248E4332001D0415 /* Stubs */ = {
			isa = PBXGroup;
			children = (
				38F0FB5B248E6E4C0080FBBD /* OAuthURLStub.swift */,
			);
			path = Stubs;
			sourceTree = "<group>";
		};
		30AC784D248F94B2004BA3B6 /* Errors */ = {
			isa = PBXGroup;
			children = (
				30AC784E248F94C4004BA3B6 /* NetworkError.swift */,
			);
			path = Errors;
			sourceTree = "<group>";
		};
		30AC7850248F9598004BA3B6 /* Views */ = {
			isa = PBXGroup;
			children = (
				30AC7851248F95B9004BA3B6 /* ErrorAlertController.swift */,
			);
			path = Views;
			sourceTree = "<group>";
		};
		30E22EE32491063E00EC0FD8 /* Request */ = {
			isa = PBXGroup;
			children = (
				30E22EE42491064A00EC0FD8 /* Request.swift */,
				30E22EF124910C5200EC0FD8 /* Issue */,
			);
			path = Request;
			sourceTree = "<group>";
		};
		30E22EF124910C5200EC0FD8 /* Issue */ = {
			isa = PBXGroup;
			children = (
				30E22EED249109EC00EC0FD8 /* FetchIssuesRequest.swift */,
				30E22EEF24910BDA00EC0FD8 /* AddIssueRequest.swift */,
				30E22EF224910D8700EC0FD8 /* FetchIssueRequest.swift */,
				30E22EF424910E3D00EC0FD8 /* DeleteIssueRequest.swift */,
			);
			path = Issue;
			sourceTree = "<group>";
		};
		30E22EF624910EE600EC0FD8 /* UseCases */ = {
			isa = PBXGroup;
			children = (
				30E22EF724910EF800EC0FD8 /* IssueUseCase.swift */,
			);
			path = UseCases;
			sourceTree = "<group>";
		};
		30E22EF924910F8E00EC0FD8 /* Models */ = {
			isa = PBXGroup;
			children = (
				30E22EFA24910F9F00EC0FD8 /* Issue.swift */,
				30E22EFC2491101A00EC0FD8 /* IssueLabel.swift */,
			);
			path = Models;
			sourceTree = "<group>";
		};
		386B8F96248E28D800ED3A5A /* Issues */ = {
			isa = PBXGroup;
			children = (
				386B8F97248E28F500ED3A5A /* Controllers */,
				38D3643B248FA93500884972 /* Views */,
			);
			path = Issues;
			sourceTree = "<group>";
		};
		386B8F97248E28F500ED3A5A /* Controllers */ = {
			isa = PBXGroup;
			children = (
				386B8F98248E291100ED3A5A /* IssuesViewController.swift */,
			);
			path = Controllers;
			sourceTree = "<group>";
		};
		386B8F9A248E2AEE00ED3A5A /* SignIn */ = {
			isa = PBXGroup;
			children = (
				386B8F9B248E2AF500ED3A5A /* Controllers */,
				30789C1B248E3A0F001D0415 /* Views */,
			);
			path = SignIn;
			sourceTree = "<group>";
		};
		386B8F9B248E2AF500ED3A5A /* Controllers */ = {
			isa = PBXGroup;
			children = (
				386B8F9C248E2B0200ED3A5A /* SignInViewController.swift */,
			);
			path = Controllers;
			sourceTree = "<group>";
		};
		38D09C1924915A4C00A3B937 /* Issues */ = {
			isa = PBXGroup;
			children = (
				3861B005248FC582006FD89E /* IssuesCollectionView.swift */,
				3861B009248FC654006FD89E /* IssueHorizontalCell.swift */,
				38BDFA2924912E79008E901D /* IssueHorizontalContentsStackView.swift */,
				38BDFA2D24913128008E901D /* IssueHorizontalTitleLabel.swift */,
			);
			path = Issues;
			sourceTree = "<group>";
		};
		38D09C1A24915A5300A3B937 /* IssueLabels */ = {
			isa = PBXGroup;
			children = (
				30E22EE12490B09200EC0FD8 /* IssueLabelsCollectionView.swift */,
				30E22EDC2490A61200EC0FD8 /* IssueLabelCell.swift */,
				30E22EDD2490A61200EC0FD8 /* IssueLabelCell.xib */,
			);
			path = IssueLabels;
			sourceTree = "<group>";
		};
		38D3643B248FA93500884972 /* Views */ = {
			isa = PBXGroup;
			children = (
				38D09C1924915A4C00A3B937 /* Issues */,
				38D09C1A24915A5300A3B937 /* IssueLabels */,
				38E101D02490FDBE0036A74A /* Layouts */,
				38D3643C248FA96300884972 /* TitleHeaderView.swift */,
				38D3643E248FA96E00884972 /* TitleHeaderView.xib */,
			);
			path = Views;
			sourceTree = "<group>";
		};
		38E101D02490FDBE0036A74A /* Layouts */ = {
			isa = PBXGroup;
			children = (
				38879C542490E2AD00EE84D7 /* LeftAlignedCollectionViewFlowLayout.swift */,
			);
			path = Layouts;
			sourceTree = "<group>";
		};
		38F0FB47248E2D5F0080FBBD /* Extensions */ = {
			isa = PBXGroup;
			children = (
				38F0FB48248E2D870080FBBD /* Colors.swift */,
				385A50D024915E66004BE8DB /* UIColor+Hex.swift */,
				30789C1E248E3FC1001D0415 /* UIView+Border.swift */,
				38879C572490E48600EE84D7 /* UIView+Shadow.swift */,
				38BDFA2B24912F21008E901D /* UIView+AutoLayout.swift */,
			);
			path = Extensions;
			sourceTree = "<group>";
		};
/* End PBXGroup section */

/* Begin PBXNativeTarget section */
		30789C03248E1E3F001D0415 /* DoCollabo */ = {
			isa = PBXNativeTarget;
			buildConfigurationList = 30789C18248E1E46001D0415 /* Build configuration list for PBXNativeTarget "DoCollabo" */;
			buildPhases = (
				30789C00248E1E3F001D0415 /* Sources */,
				30789C01248E1E3F001D0415 /* Frameworks */,
				30789C02248E1E3F001D0415 /* Resources */,
			);
			buildRules = (
			);
			dependencies = (
			);
			name = DoCollabo;
			packageProductDependencies = (
				30E22EE7249106A300EC0FD8 /* Alamofire */,
			);
			productName = DoCollabo;
			productReference = 30789C04248E1E3F001D0415 /* DoCollabo.app */;
			productType = "com.apple.product-type.application";
		};
/* End PBXNativeTarget section */

/* Begin PBXProject section */
		30789BFC248E1E3F001D0415 /* Project object */ = {
			isa = PBXProject;
			attributes = {
				LastSwiftUpdateCheck = 1140;
				LastUpgradeCheck = 1140;
				ORGANIZATIONNAME = delma;
				TargetAttributes = {
					30789C03248E1E3F001D0415 = {
						CreatedOnToolsVersion = 11.4.1;
					};
				};
			};
			buildConfigurationList = 30789BFF248E1E3F001D0415 /* Build configuration list for PBXProject "DoCollabo" */;
			compatibilityVersion = "Xcode 9.3";
			developmentRegion = en;
			hasScannedForEncodings = 0;
			knownRegions = (
				en,
				Base,
			);
			mainGroup = 30789BFB248E1E3F001D0415;
			packageReferences = (
				30E22EE6249106A300EC0FD8 /* XCRemoteSwiftPackageReference "Alamofire" */,
			);
			productRefGroup = 30789C05248E1E3F001D0415 /* Products */;
			projectDirPath = "";
			projectRoot = "";
			targets = (
				30789C03248E1E3F001D0415 /* DoCollabo */,
			);
		};
/* End PBXProject section */

/* Begin PBXResourcesBuildPhase section */
		30789C02248E1E3F001D0415 /* Resources */ = {
			isa = PBXResourcesBuildPhase;
			buildActionMask = 2147483647;
			files = (
				30789C14248E1E46001D0415 /* LaunchScreen.storyboard in Resources */,
				30789C11248E1E46001D0415 /* Assets.xcassets in Resources */,
				38D3643F248FA96E00884972 /* TitleHeaderView.xib in Resources */,
				30789C0F248E1E3F001D0415 /* Main.storyboard in Resources */,
				30E22EDF2490A61200EC0FD8 /* IssueLabelCell.xib in Resources */,
			);
			runOnlyForDeploymentPostprocessing = 0;
		};
/* End PBXResourcesBuildPhase section */

/* Begin PBXSourcesBuildPhase section */
		30789C00248E1E3F001D0415 /* Sources */ = {
			isa = PBXSourcesBuildPhase;
			buildActionMask = 2147483647;
			files = (
				38F0FB5C248E6E4C0080FBBD /* OAuthURLStub.swift in Sources */,
				38BDFA2C24912F21008E901D /* UIView+AutoLayout.swift in Sources */,
				30789C1F248E3FC1001D0415 /* UIView+Border.swift in Sources */,
				38D3643D248FA96300884972 /* TitleHeaderView.swift in Sources */,
				386B8F99248E291100ED3A5A /* IssuesViewController.swift in Sources */,
				30E22EEA2491093100EC0FD8 /* NetworkDispatcher.swift in Sources */,
				30E22EEE249109EC00EC0FD8 /* FetchIssuesRequest.swift in Sources */,
				38F0FB5E248E73690080FBBD /* OAuthNetworkManager.swift in Sources */,
				30E22EF324910D8700EC0FD8 /* FetchIssueRequest.swift in Sources */,
				30AC784F248F94C4004BA3B6 /* NetworkError.swift in Sources */,
				38BDFA2E24913128008E901D /* IssueHorizontalTitleLabel.swift in Sources */,
				38BDFA2A24912E79008E901D /* IssueHorizontalContentsStackView.swift in Sources */,
				38F0FB49248E2D870080FBBD /* Colors.swift in Sources */,
				38879C582490E48600EE84D7 /* UIView+Shadow.swift in Sources */,
				30E22EF824910EF800EC0FD8 /* IssueUseCase.swift in Sources */,
				30789C0C248E1E3F001D0415 /* TabBarViewController.swift in Sources */,
				30E22EE22490B09200EC0FD8 /* IssueLabelsCollectionView.swift in Sources */,
				3861B006248FC582006FD89E /* IssuesCollectionView.swift in Sources */,
				30789C08248E1E3F001D0415 /* AppDelegate.swift in Sources */,
				386B8F9D248E2B0200ED3A5A /* SignInViewController.swift in Sources */,
				30E22EEC2491098200EC0FD8 /* Session+NetworkDispatcher.swift in Sources */,
				30E22EFD2491101A00EC0FD8 /* IssueLabel.swift in Sources */,
				30789C0A248E1E3F001D0415 /* SceneDelegate.swift in Sources */,
				38879C552490E2AD00EE84D7 /* LeftAlignedCollectionViewFlowLayout.swift in Sources */,
				30AC7852248F95B9004BA3B6 /* ErrorAlertController.swift in Sources */,
				385A50D124915E66004BE8DB /* UIColor+Hex.swift in Sources */,
				30E22EE52491064A00EC0FD8 /* Request.swift in Sources */,
				30E22EFB24910F9F00EC0FD8 /* Issue.swift in Sources */,
				30E22EF524910E3D00EC0FD8 /* DeleteIssueRequest.swift in Sources */,
				38F0FB62248FA23F0080FBBD /* EndPoint.swift in Sources */,
				3861B00B248FC654006FD89E /* IssueHorizontalCell.swift in Sources */,
				30789C1D248E3A37001D0415 /* LeadingImageButton.swift in Sources */,
				30E22EDE2490A61200EC0FD8 /* IssueLabelCell.swift in Sources */,
				30E22EF024910BDA00EC0FD8 /* AddIssueRequest.swift in Sources */,
			);
			runOnlyForDeploymentPostprocessing = 0;
		};
/* End PBXSourcesBuildPhase section */

/* Begin PBXVariantGroup section */
		30789C0D248E1E3F001D0415 /* Main.storyboard */ = {
			isa = PBXVariantGroup;
			children = (
				30789C0E248E1E3F001D0415 /* Base */,
			);
			name = Main.storyboard;
			sourceTree = "<group>";
		};
		30789C12248E1E46001D0415 /* LaunchScreen.storyboard */ = {
			isa = PBXVariantGroup;
			children = (
				30789C13248E1E46001D0415 /* Base */,
			);
			name = LaunchScreen.storyboard;
			sourceTree = "<group>";
		};
/* End PBXVariantGroup section */

/* Begin XCBuildConfiguration section */
		30789C16248E1E46001D0415 /* Debug */ = {
			isa = XCBuildConfiguration;
			buildSettings = {
				ALWAYS_SEARCH_USER_PATHS = NO;
				CLANG_ANALYZER_NONNULL = YES;
				CLANG_ANALYZER_NUMBER_OBJECT_CONVERSION = YES_AGGRESSIVE;
				CLANG_CXX_LANGUAGE_STANDARD = "gnu++14";
				CLANG_CXX_LIBRARY = "libc++";
				CLANG_ENABLE_MODULES = YES;
				CLANG_ENABLE_OBJC_ARC = YES;
				CLANG_ENABLE_OBJC_WEAK = YES;
				CLANG_WARN_BLOCK_CAPTURE_AUTORELEASING = YES;
				CLANG_WARN_BOOL_CONVERSION = YES;
				CLANG_WARN_COMMA = YES;
				CLANG_WARN_CONSTANT_CONVERSION = YES;
				CLANG_WARN_DEPRECATED_OBJC_IMPLEMENTATIONS = YES;
				CLANG_WARN_DIRECT_OBJC_ISA_USAGE = YES_ERROR;
				CLANG_WARN_DOCUMENTATION_COMMENTS = YES;
				CLANG_WARN_EMPTY_BODY = YES;
				CLANG_WARN_ENUM_CONVERSION = YES;
				CLANG_WARN_INFINITE_RECURSION = YES;
				CLANG_WARN_INT_CONVERSION = YES;
				CLANG_WARN_NON_LITERAL_NULL_CONVERSION = YES;
				CLANG_WARN_OBJC_IMPLICIT_RETAIN_SELF = YES;
				CLANG_WARN_OBJC_LITERAL_CONVERSION = YES;
				CLANG_WARN_OBJC_ROOT_CLASS = YES_ERROR;
				CLANG_WARN_RANGE_LOOP_ANALYSIS = YES;
				CLANG_WARN_STRICT_PROTOTYPES = YES;
				CLANG_WARN_SUSPICIOUS_MOVE = YES;
				CLANG_WARN_UNGUARDED_AVAILABILITY = YES_AGGRESSIVE;
				CLANG_WARN_UNREACHABLE_CODE = YES;
				CLANG_WARN__DUPLICATE_METHOD_MATCH = YES;
				COPY_PHASE_STRIP = NO;
				DEBUG_INFORMATION_FORMAT = dwarf;
				ENABLE_STRICT_OBJC_MSGSEND = YES;
				ENABLE_TESTABILITY = YES;
				GCC_C_LANGUAGE_STANDARD = gnu11;
				GCC_DYNAMIC_NO_PIC = NO;
				GCC_NO_COMMON_BLOCKS = YES;
				GCC_OPTIMIZATION_LEVEL = 0;
				GCC_PREPROCESSOR_DEFINITIONS = (
					"DEBUG=1",
					"$(inherited)",
				);
				GCC_WARN_64_TO_32_BIT_CONVERSION = YES;
				GCC_WARN_ABOUT_RETURN_TYPE = YES_ERROR;
				GCC_WARN_UNDECLARED_SELECTOR = YES;
				GCC_WARN_UNINITIALIZED_AUTOS = YES_AGGRESSIVE;
				GCC_WARN_UNUSED_FUNCTION = YES;
				GCC_WARN_UNUSED_VARIABLE = YES;
				IPHONEOS_DEPLOYMENT_TARGET = 13.4;
				MTL_ENABLE_DEBUG_INFO = INCLUDE_SOURCE;
				MTL_FAST_MATH = YES;
				ONLY_ACTIVE_ARCH = YES;
				SDKROOT = iphoneos;
				SWIFT_ACTIVE_COMPILATION_CONDITIONS = DEBUG;
				SWIFT_OPTIMIZATION_LEVEL = "-Onone";
			};
			name = Debug;
		};
		30789C17248E1E46001D0415 /* Release */ = {
			isa = XCBuildConfiguration;
			buildSettings = {
				ALWAYS_SEARCH_USER_PATHS = NO;
				CLANG_ANALYZER_NONNULL = YES;
				CLANG_ANALYZER_NUMBER_OBJECT_CONVERSION = YES_AGGRESSIVE;
				CLANG_CXX_LANGUAGE_STANDARD = "gnu++14";
				CLANG_CXX_LIBRARY = "libc++";
				CLANG_ENABLE_MODULES = YES;
				CLANG_ENABLE_OBJC_ARC = YES;
				CLANG_ENABLE_OBJC_WEAK = YES;
				CLANG_WARN_BLOCK_CAPTURE_AUTORELEASING = YES;
				CLANG_WARN_BOOL_CONVERSION = YES;
				CLANG_WARN_COMMA = YES;
				CLANG_WARN_CONSTANT_CONVERSION = YES;
				CLANG_WARN_DEPRECATED_OBJC_IMPLEMENTATIONS = YES;
				CLANG_WARN_DIRECT_OBJC_ISA_USAGE = YES_ERROR;
				CLANG_WARN_DOCUMENTATION_COMMENTS = YES;
				CLANG_WARN_EMPTY_BODY = YES;
				CLANG_WARN_ENUM_CONVERSION = YES;
				CLANG_WARN_INFINITE_RECURSION = YES;
				CLANG_WARN_INT_CONVERSION = YES;
				CLANG_WARN_NON_LITERAL_NULL_CONVERSION = YES;
				CLANG_WARN_OBJC_IMPLICIT_RETAIN_SELF = YES;
				CLANG_WARN_OBJC_LITERAL_CONVERSION = YES;
				CLANG_WARN_OBJC_ROOT_CLASS = YES_ERROR;
				CLANG_WARN_RANGE_LOOP_ANALYSIS = YES;
				CLANG_WARN_STRICT_PROTOTYPES = YES;
				CLANG_WARN_SUSPICIOUS_MOVE = YES;
				CLANG_WARN_UNGUARDED_AVAILABILITY = YES_AGGRESSIVE;
				CLANG_WARN_UNREACHABLE_CODE = YES;
				CLANG_WARN__DUPLICATE_METHOD_MATCH = YES;
				COPY_PHASE_STRIP = NO;
				DEBUG_INFORMATION_FORMAT = "dwarf-with-dsym";
				ENABLE_NS_ASSERTIONS = NO;
				ENABLE_STRICT_OBJC_MSGSEND = YES;
				GCC_C_LANGUAGE_STANDARD = gnu11;
				GCC_NO_COMMON_BLOCKS = YES;
				GCC_WARN_64_TO_32_BIT_CONVERSION = YES;
				GCC_WARN_ABOUT_RETURN_TYPE = YES_ERROR;
				GCC_WARN_UNDECLARED_SELECTOR = YES;
				GCC_WARN_UNINITIALIZED_AUTOS = YES_AGGRESSIVE;
				GCC_WARN_UNUSED_FUNCTION = YES;
				GCC_WARN_UNUSED_VARIABLE = YES;
				IPHONEOS_DEPLOYMENT_TARGET = 13.4;
				MTL_ENABLE_DEBUG_INFO = NO;
				MTL_FAST_MATH = YES;
				SDKROOT = iphoneos;
				SWIFT_COMPILATION_MODE = wholemodule;
				SWIFT_OPTIMIZATION_LEVEL = "-O";
				VALIDATE_PRODUCT = YES;
			};
			name = Release;
		};
		30789C19248E1E46001D0415 /* Debug */ = {
			isa = XCBuildConfiguration;
			buildSettings = {
				ASSETCATALOG_COMPILER_APPICON_NAME = AppIcon;
				CODE_SIGN_STYLE = Automatic;
				DEVELOPMENT_TEAM = B3PWYBKFUK;
				INFOPLIST_FILE = DoCollabo/Info.plist;
				LD_RUNPATH_SEARCH_PATHS = (
					"$(inherited)",
					"@executable_path/Frameworks",
				);
				PRODUCT_BUNDLE_IDENTIFIER = com.delma.DoCollabo;
				PRODUCT_NAME = "$(TARGET_NAME)";
				SWIFT_VERSION = 5.0;
				TARGETED_DEVICE_FAMILY = "1,2";
			};
			name = Debug;
		};
		30789C1A248E1E46001D0415 /* Release */ = {
			isa = XCBuildConfiguration;
			buildSettings = {
				ASSETCATALOG_COMPILER_APPICON_NAME = AppIcon;
				CODE_SIGN_STYLE = Automatic;
				DEVELOPMENT_TEAM = B3PWYBKFUK;
				INFOPLIST_FILE = DoCollabo/Info.plist;
				LD_RUNPATH_SEARCH_PATHS = (
					"$(inherited)",
					"@executable_path/Frameworks",
				);
				PRODUCT_BUNDLE_IDENTIFIER = com.delma.DoCollabo;
				PRODUCT_NAME = "$(TARGET_NAME)";
				SWIFT_VERSION = 5.0;
				TARGETED_DEVICE_FAMILY = "1,2";
			};
			name = Release;
		};
/* End XCBuildConfiguration section */

/* Begin XCConfigurationList section */
		30789BFF248E1E3F001D0415 /* Build configuration list for PBXProject "DoCollabo" */ = {
			isa = XCConfigurationList;
			buildConfigurations = (
				30789C16248E1E46001D0415 /* Debug */,
				30789C17248E1E46001D0415 /* Release */,
			);
			defaultConfigurationIsVisible = 0;
			defaultConfigurationName = Release;
		};
		30789C18248E1E46001D0415 /* Build configuration list for PBXNativeTarget "DoCollabo" */ = {
			isa = XCConfigurationList;
			buildConfigurations = (
				30789C19248E1E46001D0415 /* Debug */,
				30789C1A248E1E46001D0415 /* Release */,
			);
			defaultConfigurationIsVisible = 0;
			defaultConfigurationName = Release;
		};
/* End XCConfigurationList section */

/* Begin XCRemoteSwiftPackageReference section */
		30E22EE6249106A300EC0FD8 /* XCRemoteSwiftPackageReference "Alamofire" */ = {
			isa = XCRemoteSwiftPackageReference;
			repositoryURL = "https://github.com/Alamofire/Alamofire.git";
			requirement = {
				kind = upToNextMajorVersion;
				minimumVersion = 5.2.0;
			};
		};
/* End XCRemoteSwiftPackageReference section */

/* Begin XCSwiftPackageProductDependency section */
		30E22EE7249106A300EC0FD8 /* Alamofire */ = {
			isa = XCSwiftPackageProductDependency;
			package = 30E22EE6249106A300EC0FD8 /* XCRemoteSwiftPackageReference "Alamofire" */;
			productName = Alamofire;
		};
/* End XCSwiftPackageProductDependency section */
	};
	rootObject = 30789BFC248E1E3F001D0415 /* Project object */;
}
